
Microsoft Visual Studio Solution File, Format Version 12.00
# Visual Studio Version 17
VisualStudioVersion = 17.12.35707.178 d17.12
MinimumVisualStudioVersion = 10.0.40219.1
Project("{2150E333-8FDC-42A3-9474-1A3956D46DE8}") = "Frontend", "Frontend", "{F79DE4B6-05DD-4927-9917-627F406E3FCE}"
EndProject
Project("{2150E333-8FDC-42A3-9474-1A3956D46DE8}") = "Services", "Services", "{1EA39AEB-A46C-462D-80D9-D0B0CC2A2DB2}"
EndProject
Project("{FAE04EC0-301F-11D3-BF4B-00C04F79EFBC}") = "GeekShoppping.Web", "GeekShoppping.Web\GeekShoppping.Web.csproj", "{4BB817FB-584B-417C-B9AB-78D636FBFFB3}"
EndProject
Global
	GlobalSection(SolutionConfigurationPlatforms) = preSolution
		Debug|Any CPU = Debug|Any CPU
		Release|Any CPU = Release|Any CPU
	EndGlobalSection
	GlobalSection(ProjectConfigurationPlatforms) = postSolution
		{4BB817FB-584B-417C-B9AB-78D636FBFFB3}.Debug|Any CPU.ActiveCfg = Debug|Any CPU
		{4BB817FB-584B-417C-B9AB-78D636FBFFB3}.Debug|Any CPU.Build.0 = Debug|Any CPU
		{4BB817FB-584B-417C-B9AB-78D636FBFFB3}.Release|Any CPU.ActiveCfg = Release|Any CPU
		{4BB817FB-584B-417C-B9AB-78D636FBFFB3}.Release|Any CPU.Build.0 = Release|Any CPU
	EndGlobalSection
	GlobalSection(SolutionProperties) = preSolution
		HideSolutionNode = FALSE
	EndGlobalSection
	GlobalSection(NestedProjects) = preSolution
		{4BB817FB-584B-417C-B9AB-78D636FBFFB3} = {F79DE4B6-05DD-4927-9917-627F406E3FCE}
	EndGlobalSection
EndGlobal
